
Microsoft Visual Studio Solution File, Format Version 12.00
Project("{FAE04EC0-301F-11D3-BF4B-00C04F79EFBC}") = "cgWebShopApi", "cgWebShopApi\cgWebShopApi.csproj", "{30478F8E-0F85-4AC6-BC4C-A880CF4FCFC4}"
EndProject
Project("{FAE04EC0-301F-11D3-BF4B-00C04F79EFBC}") = "cgWebShopApi-IntegrationTests", "cgWebShopApi-IntegrationTests\cgWebShopApi-IntegrationTests.csproj", "{9B4BFF5E-0268-4206-94A6-C85B0BBCD639}"
EndProject
Global
	GlobalSection(SolutionConfigurationPlatforms) = preSolution
		Debug|Any CPU = Debug|Any CPU
		Release|Any CPU = Release|Any CPU
	EndGlobalSection
	GlobalSection(ProjectConfigurationPlatforms) = postSolution
		{30478F8E-0F85-4AC6-BC4C-A880CF4FCFC4}.Debug|Any CPU.ActiveCfg = Debug|Any CPU
		{30478F8E-0F85-4AC6-BC4C-A880CF4FCFC4}.Debug|Any CPU.Build.0 = Debug|Any CPU
		{30478F8E-0F85-4AC6-BC4C-A880CF4FCFC4}.Release|Any CPU.ActiveCfg = Release|Any CPU
		{30478F8E-0F85-4AC6-BC4C-A880CF4FCFC4}.Release|Any CPU.Build.0 = Release|Any CPU
		{9B4BFF5E-0268-4206-94A6-C85B0BBCD639}.Debug|Any CPU.ActiveCfg = Debug|Any CPU
		{9B4BFF5E-0268-4206-94A6-C85B0BBCD639}.Debug|Any CPU.Build.0 = Debug|Any CPU
		{9B4BFF5E-0268-4206-94A6-C85B0BBCD639}.Release|Any CPU.ActiveCfg = Release|Any CPU
		{9B4BFF5E-0268-4206-94A6-C85B0BBCD639}.Release|Any CPU.Build.0 = Release|Any CPU
	EndGlobalSection
EndGlobal
